// !$*UTF8*$!
{
	archiveVersion = 1;
	classes = {
	};
	objectVersion = 56;
	objects = {

/* Begin PBXBuildFile section */
		2EC508A82AE1CEC600747947 /* ASSET_COLOR.xcassets in Resources */ = {isa = PBXBuildFile; fileRef = 2EC508A72AE1CEC600747947 /* ASSET_COLOR.xcassets */; };
		2EC508AA2AE1FC6100747947 /* resultNewController.swift in Sources */ = {isa = PBXBuildFile; fileRef = 2EC508A92AE1FC6100747947 /* resultNewController.swift */; };
		2EE487952AE0267F000B4509 /* AppDelegate.swift in Sources */ = {isa = PBXBuildFile; fileRef = 2EE487942AE0267F000B4509 /* AppDelegate.swift */; };
		2EE487972AE0267F000B4509 /* SceneDelegate.swift in Sources */ = {isa = PBXBuildFile; fileRef = 2EE487962AE0267F000B4509 /* SceneDelegate.swift */; };
		2EE487992AE0267F000B4509 /* ViewController.swift in Sources */ = {isa = PBXBuildFile; fileRef = 2EE487982AE0267F000B4509 /* ViewController.swift */; };
		2EE4879C2AE0267F000B4509 /* Main.storyboard in Resources */ = {isa = PBXBuildFile; fileRef = 2EE4879A2AE0267F000B4509 /* Main.storyboard */; };
		2EE4879E2AE02680000B4509 /* Assets.xcassets in Resources */ = {isa = PBXBuildFile; fileRef = 2EE4879D2AE02680000B4509 /* Assets.xcassets */; };
		2EE487A12AE02680000B4509 /* LaunchScreen.storyboard in Resources */ = {isa = PBXBuildFile; fileRef = 2EE4879F2AE02680000B4509 /* LaunchScreen.storyboard */; };
		2EE487AC2AE02680000B4509 /* CurrencyAppTests.swift in Sources */ = {isa = PBXBuildFile; fileRef = 2EE487AB2AE02680000B4509 /* CurrencyAppTests.swift */; };
		2EE487B62AE02680000B4509 /* CurrencyAppUITests.swift in Sources */ = {isa = PBXBuildFile; fileRef = 2EE487B52AE02680000B4509 /* CurrencyAppUITests.swift */; };
		2EE487B82AE02680000B4509 /* CurrencyAppUITestsLaunchTests.swift in Sources */ = {isa = PBXBuildFile; fileRef = 2EE487B72AE02680000B4509 /* CurrencyAppUITestsLaunchTests.swift */; };
/* End PBXBuildFile section */

/* Begin PBXContainerItemProxy section */
		2EE487A82AE02680000B4509 /* PBXContainerItemProxy */ = {
			isa = PBXContainerItemProxy;
			containerPortal = 2EE487892AE0267F000B4509 /* Project object */;
			proxyType = 1;
			remoteGlobalIDString = 2EE487902AE0267F000B4509;
			remoteInfo = CurrencyApp;
		};
		2EE487B22AE02680000B4509 /* PBXContainerItemProxy */ = {
			isa = PBXContainerItemProxy;
			containerPortal = 2EE487892AE0267F000B4509 /* Project object */;
			proxyType = 1;
			remoteGlobalIDString = 2EE487902AE0267F000B4509;
			remoteInfo = CurrencyApp;
		};
/* End PBXContainerItemProxy section */

/* Begin PBXFileReference section */
		2EC508A72AE1CEC600747947 /* ASSET_COLOR.xcassets */ = {isa = PBXFileReference; lastKnownFileType = folder.assetcatalog; path = ASSET_COLOR.xcassets; sourceTree = "<group>"; };
		2EC508A92AE1FC6100747947 /* resultNewController.swift */ = {isa = PBXFileReference; lastKnownFileType = sourcecode.swift; path = resultNewController.swift; sourceTree = "<group>"; };
		2EE487912AE0267F000B4509 /* CurrencyApp.app */ = {isa = PBXFileReference; explicitFileType = wrapper.application; includeInIndex = 0; path = CurrencyApp.app; sourceTree = BUILT_PRODUCTS_DIR; };
		2EE487942AE0267F000B4509 /* AppDelegate.swift */ = {isa = PBXFileReference; lastKnownFileType = sourcecode.swift; path = AppDelegate.swift; sourceTree = "<group>"; };
		2EE487962AE0267F000B4509 /* SceneDelegate.swift */ = {isa = PBXFileReference; lastKnownFileType = sourcecode.swift; path = SceneDelegate.swift; sourceTree = "<group>"; };
		2EE487982AE0267F000B4509 /* ViewController.swift */ = {isa = PBXFileReference; lastKnownFileType = sourcecode.swift; path = ViewController.swift; sourceTree = "<group>"; };
		2EE4879B2AE0267F000B4509 /* Base */ = {isa = PBXFileReference; lastKnownFileType = file.storyboard; name = Base; path = Base.lproj/Main.storyboard; sourceTree = "<group>"; };
		2EE4879D2AE02680000B4509 /* Assets.xcassets */ = {isa = PBXFileReference; lastKnownFileType = folder.assetcatalog; path = Assets.xcassets; sourceTree = "<group>"; };
		2EE487A02AE02680000B4509 /* Base */ = {isa = PBXFileReference; lastKnownFileType = file.storyboard; name = Base; path = Base.lproj/LaunchScreen.storyboard; sourceTree = "<group>"; };
		2EE487A22AE02680000B4509 /* Info.plist */ = {isa = PBXFileReference; lastKnownFileType = text.plist.xml; path = Info.plist; sourceTree = "<group>"; };
		2EE487A72AE02680000B4509 /* CurrencyAppTests.xctest */ = {isa = PBXFileReference; explicitFileType = wrapper.cfbundle; includeInIndex = 0; path = CurrencyAppTests.xctest; sourceTree = BUILT_PRODUCTS_DIR; };
		2EE487AB2AE02680000B4509 /* CurrencyAppTests.swift */ = {isa = PBXFileReference; lastKnownFileType = sourcecode.swift; path = CurrencyAppTests.swift; sourceTree = "<group>"; };
		2EE487B12AE02680000B4509 /* CurrencyAppUITests.xctest */ = {isa = PBXFileReference; explicitFileType = wrapper.cfbundle; includeInIndex = 0; path = CurrencyAppUITests.xctest; sourceTree = BUILT_PRODUCTS_DIR; };
		2EE487B52AE02680000B4509 /* CurrencyAppUITests.swift */ = {isa = PBXFileReference; lastKnownFileType = sourcecode.swift; path = CurrencyAppUITests.swift; sourceTree = "<group>"; };
		2EE487B72AE02680000B4509 /* CurrencyAppUITestsLaunchTests.swift */ = {isa = PBXFileReference; lastKnownFileType = sourcecode.swift; path = CurrencyAppUITestsLaunchTests.swift; sourceTree = "<group>"; };
/* End PBXFileReference section */

/* Begin PBXFrameworksBuildPhase section */
		2EE4878E2AE0267F000B4509 /* Frameworks */ = {
			isa = PBXFrameworksBuildPhase;
			buildActionMask = 2147483647;
			files = (
			);
			runOnlyForDeploymentPostprocessing = 0;
		};
		2EE487A42AE02680000B4509 /* Frameworks */ = {
			isa = PBXFrameworksBuildPhase;
			buildActionMask = 2147483647;
			files = (
			);
			runOnlyForDeploymentPostprocessing = 0;
		};
		2EE487AE2AE02680000B4509 /* Frameworks */ = {
			isa = PBXFrameworksBuildPhase;
			buildActionMask = 2147483647;
			files = (
			);
			runOnlyForDeploymentPostprocessing = 0;
		};
/* End PBXFrameworksBuildPhase section */

/* Begin PBXGroup section */
		2E6E9E992AE08493000783C8 /* app */ = {
			isa = PBXGroup;
			children = (
				2EE487962AE0267F000B4509 /* SceneDelegate.swift */,
				2EE487942AE0267F000B4509 /* AppDelegate.swift */,
			);
			path = app;
			sourceTree = "<group>";
		};
		2E6E9E9A2AE084A7000783C8 /* mainswift */ = {
			isa = PBXGroup;
			children = (
				2EE487982AE0267F000B4509 /* ViewController.swift */,
				2EE4879A2AE0267F000B4509 /* Main.storyboard */,
				2EC508A92AE1FC6100747947 /* resultNewController.swift */,
			);
			path = mainswift;
			sourceTree = "<group>";
		};
		2EE487882AE0267F000B4509 = {
			isa = PBXGroup;
			children = (
				2EE487932AE0267F000B4509 /* CurrencyApp */,
				2EE487AA2AE02680000B4509 /* CurrencyAppTests */,
				2EE487B42AE02680000B4509 /* CurrencyAppUITests */,
				2EE487922AE0267F000B4509 /* Products */,
			);
			sourceTree = "<group>";
		};
		2EE487922AE0267F000B4509 /* Products */ = {
			isa = PBXGroup;
			children = (
				2EE487912AE0267F000B4509 /* CurrencyApp.app */,
				2EE487A72AE02680000B4509 /* CurrencyAppTests.xctest */,
				2EE487B12AE02680000B4509 /* CurrencyAppUITests.xctest */,
			);
			name = Products;
			sourceTree = "<group>";
		};
		2EE487932AE0267F000B4509 /* CurrencyApp */ = {
			isa = PBXGroup;
			children = (
				2E6E9E992AE08493000783C8 /* app */,
				2E6E9E9A2AE084A7000783C8 /* mainswift */,
				2EE4879F2AE02680000B4509 /* LaunchScreen.storyboard */,
				2EE4879D2AE02680000B4509 /* Assets.xcassets */,
				2EE487A22AE02680000B4509 /* Info.plist */,
				2EC508A72AE1CEC600747947 /* ASSET_COLOR.xcassets */,
			);
			path = CurrencyApp;
			sourceTree = "<group>";
		};
		2EE487AA2AE02680000B4509 /* CurrencyAppTests */ = {
			isa = PBXGroup;
			children = (
				2EE487AB2AE02680000B4509 /* CurrencyAppTests.swift */,
			);
			path = CurrencyAppTests;
			sourceTree = "<group>";
		};
		2EE487B42AE02680000B4509 /* CurrencyAppUITests */ = {
			isa = PBXGroup;
			children = (
				2EE487B52AE02680000B4509 /* CurrencyAppUITests.swift */,
				2EE487B72AE02680000B4509 /* CurrencyAppUITestsLaunchTests.swift */,
			);
			path = CurrencyAppUITests;
			sourceTree = "<group>";
		};
/* End PBXGroup section */

/* Begin PBXNativeTarget section */
		2EE487902AE0267F000B4509 /* CurrencyApp */ = {
			isa = PBXNativeTarget;
			buildConfigurationList = 2EE487BB2AE02680000B4509 /* Build configuration list for PBXNativeTarget "CurrencyApp" */;
			buildPhases = (
				2EE4878D2AE0267F000B4509 /* Sources */,
				2EE4878E2AE0267F000B4509 /* Frameworks */,
				2EE4878F2AE0267F000B4509 /* Resources */,
			);
			buildRules = (
			);
			dependencies = (
			);
			name = CurrencyApp;
			productName = CurrencyApp;
			productReference = 2EE487912AE0267F000B4509 /* CurrencyApp.app */;
			productType = "com.apple.product-type.application";
		};
		2EE487A62AE02680000B4509 /* CurrencyAppTests */ = {
			isa = PBXNativeTarget;
			buildConfigurationList = 2EE487BE2AE02680000B4509 /* Build configuration list for PBXNativeTarget "CurrencyAppTests" */;
			buildPhases = (
				2EE487A32AE02680000B4509 /* Sources */,
				2EE487A42AE02680000B4509 /* Frameworks */,
				2EE487A52AE02680000B4509 /* Resources */,
			);
			buildRules = (
			);
			dependencies = (
				2EE487A92AE02680000B4509 /* PBXTargetDependency */,
			);
			name = CurrencyAppTests;
			productName = CurrencyAppTests;
			productReference = 2EE487A72AE02680000B4509 /* CurrencyAppTests.xctest */;
			productType = "com.apple.product-type.bundle.unit-test";
		};
		2EE487B02AE02680000B4509 /* CurrencyAppUITests */ = {
			isa = PBXNativeTarget;
			buildConfigurationList = 2EE487C12AE02680000B4509 /* Build configuration list for PBXNativeTarget "CurrencyAppUITests" */;
			buildPhases = (
				2EE487AD2AE02680000B4509 /* Sources */,
				2EE487AE2AE02680000B4509 /* Frameworks */,
				2EE487AF2AE02680000B4509 /* Resources */,
			);
			buildRules = (
			);
			dependencies = (
				2EE487B32AE02680000B4509 /* PBXTargetDependency */,
			);
			name = CurrencyAppUITests;
			productName = CurrencyAppUITests;
			productReference = 2EE487B12AE02680000B4509 /* CurrencyAppUITests.xctest */;
			productType = "com.apple.product-type.bundle.ui-testing";
		};
/* End PBXNativeTarget section */

/* Begin PBXProject section */
		2EE487892AE0267F000B4509 /* Project object */ = {
			isa = PBXProject;
			attributes = {
				BuildIndependentTargetsInParallel = 1;
				LastSwiftUpdateCheck = 1430;
				LastUpgradeCheck = 1430;
				TargetAttributes = {
					2EE487902AE0267F000B4509 = {
						CreatedOnToolsVersion = 14.3.1;
					};
					2EE487A62AE02680000B4509 = {
						CreatedOnToolsVersion = 14.3.1;
						TestTargetID = 2EE487902AE0267F000B4509;
					};
					2EE487B02AE02680000B4509 = {
						CreatedOnToolsVersion = 14.3.1;
						TestTargetID = 2EE487902AE0267F000B4509;
					};
				};
			};
			buildConfigurationList = 2EE4878C2AE0267F000B4509 /* Build configuration list for PBXProject "CurrencyApp" */;
			compatibilityVersion = "Xcode 14.0";
			developmentRegion = en;
			hasScannedForEncodings = 0;
			knownRegions = (
				en,
				Base,
			);
			mainGroup = 2EE487882AE0267F000B4509;
			productRefGroup = 2EE487922AE0267F000B4509 /* Products */;
			projectDirPath = "";
			projectRoot = "";
			targets = (
				2EE487902AE0267F000B4509 /* CurrencyApp */,
				2EE487A62AE02680000B4509 /* CurrencyAppTests */,
				2EE487B02AE02680000B4509 /* CurrencyAppUITests */,
			);
		};
/* End PBXProject section */

/* Begin PBXResourcesBuildPhase section */
		2EE4878F2AE0267F000B4509 /* Resources */ = {
			isa = PBXResourcesBuildPhase;
			buildActionMask = 2147483647;
			files = (
				2EE487A12AE02680000B4509 /* LaunchScreen.storyboard in Resources */,
				2EE4879E2AE02680000B4509 /* Assets.xcassets in Resources */,
				2EC508A82AE1CEC600747947 /* ASSET_COLOR.xcassets in Resources */,
				2EE4879C2AE0267F000B4509 /* Main.storyboard in Resources */,
			);
			runOnlyForDeploymentPostprocessing = 0;
		};
		2EE487A52AE02680000B4509 /* Resources */ = {
			isa = PBXResourcesBuildPhase;
			buildActionMask = 2147483647;
			files = (
			);
			runOnlyForDeploymentPostprocessing = 0;
		};
		2EE487AF2AE02680000B4509 /* Resources */ = {
			isa = PBXResourcesBuildPhase;
			buildActionMask = 2147483647;
			files = (
			);
			runOnlyForDeploymentPostprocessing = 0;
		};
/* End PBXResourcesBuildPhase section */

/* Begin PBXSourcesBuildPhase section */
		2EE4878D2AE0267F000B4509 /* Sources */ = {
			isa = PBXSourcesBuildPhase;
			buildActionMask = 2147483647;
			files = (
				2EE487992AE0267F000B4509 /* ViewController.swift in Sources */,
				2EC508AA2AE1FC6100747947 /* resultNewController.swift in Sources */,
				2EE487952AE0267F000B4509 /* AppDelegate.swift in Sources */,
				2EE487972AE0267F000B4509 /* SceneDelegate.swift in Sources */,
			);
			runOnlyForDeploymentPostprocessing = 0;
		};
		2EE487A32AE02680000B4509 /* Sources */ = {
			isa = PBXSourcesBuildPhase;
			buildActionMask = 2147483647;
			files = (
				2EE487AC2AE02680000B4509 /* CurrencyAppTests.swift in Sources */,
			);
			runOnlyForDeploymentPostprocessing = 0;
		};
		2EE487AD2AE02680000B4509 /* Sources */ = {
			isa = PBXSourcesBuildPhase;
			buildActionMask = 2147483647;
			files = (
				2EE487B62AE02680000B4509 /* CurrencyAppUITests.swift in Sources */,
				2EE487B82AE02680000B4509 /* CurrencyAppUITestsLaunchTests.swift in Sources */,
			);
			runOnlyForDeploymentPostprocessing = 0;
		};
/* End PBXSourcesBuildPhase section */

/* Begin PBXTargetDependency section */
		2EE487A92AE02680000B4509 /* PBXTargetDependency */ = {
			isa = PBXTargetDependency;
			target = 2EE487902AE0267F000B4509 /* CurrencyApp */;
			targetProxy = 2EE487A82AE02680000B4509 /* PBXContainerItemProxy */;
		};
		2EE487B32AE02680000B4509 /* PBXTargetDependency */ = {
			isa = PBXTargetDependency;
			target = 2EE487902AE0267F000B4509 /* CurrencyApp */;
			targetProxy = 2EE487B22AE02680000B4509 /* PBXContainerItemProxy */;
		};
/* End PBXTargetDependency section */

/* Begin PBXVariantGroup section */
		2EE4879A2AE0267F000B4509 /* Main.storyboard */ = {
			isa = PBXVariantGroup;
			children = (
				2EE4879B2AE0267F000B4509 /* Base */,
			);
			name = Main.storyboard;
			sourceTree = "<group>";
		};
		2EE4879F2AE02680000B4509 /* LaunchScreen.storyboard */ = {
			isa = PBXVariantGroup;
			children = (
				2EE487A02AE02680000B4509 /* Base */,
			);
			name = LaunchScreen.storyboard;
			sourceTree = "<group>";
		};
/* End PBXVariantGroup section */

/* Begin XCBuildConfiguration section */
		2EE487B92AE02680000B4509 /* Debug */ = {
			isa = XCBuildConfiguration;
			buildSettings = {
				ALWAYS_SEARCH_USER_PATHS = NO;
				CLANG_ANALYZER_NONNULL = YES;
				CLANG_ANALYZER_NUMBER_OBJECT_CONVERSION = YES_AGGRESSIVE;
				CLANG_CXX_LANGUAGE_STANDARD = "gnu++20";
				CLANG_ENABLE_MODULES = YES;
				CLANG_ENABLE_OBJC_ARC = YES;
				CLANG_ENABLE_OBJC_WEAK = YES;
				CLANG_WARN_BLOCK_CAPTURE_AUTORELEASING = YES;
				CLANG_WARN_BOOL_CONVERSION = YES;
				CLANG_WARN_COMMA = YES;
				CLANG_WARN_CONSTANT_CONVERSION = YES;
				CLANG_WARN_DEPRECATED_OBJC_IMPLEMENTATIONS = YES;
				CLANG_WARN_DIRECT_OBJC_ISA_USAGE = YES_ERROR;
				CLANG_WARN_DOCUMENTATION_COMMENTS = YES;
				CLANG_WARN_EMPTY_BODY = YES;
				CLANG_WARN_ENUM_CONVERSION = YES;
				CLANG_WARN_INFINITE_RECURSION = YES;
				CLANG_WARN_INT_CONVERSION = YES;
				CLANG_WARN_NON_LITERAL_NULL_CONVERSION = YES;
				CLANG_WARN_OBJC_IMPLICIT_RETAIN_SELF = YES;
				CLANG_WARN_OBJC_LITERAL_CONVERSION = YES;
				CLANG_WARN_OBJC_ROOT_CLASS = YES_ERROR;
				CLANG_WARN_QUOTED_INCLUDE_IN_FRAMEWORK_HEADER = YES;
				CLANG_WARN_RANGE_LOOP_ANALYSIS = YES;
				CLANG_WARN_STRICT_PROTOTYPES = YES;
				CLANG_WARN_SUSPICIOUS_MOVE = YES;
				CLANG_WARN_UNGUARDED_AVAILABILITY = YES_AGGRESSIVE;
				CLANG_WARN_UNREACHABLE_CODE = YES;
				CLANG_WARN__DUPLICATE_METHOD_MATCH = YES;
				COPY_PHASE_STRIP = NO;
				DEBUG_INFORMATION_FORMAT = dwarf;
				ENABLE_STRICT_OBJC_MSGSEND = YES;
				ENABLE_TESTABILITY = YES;
				GCC_C_LANGUAGE_STANDARD = gnu11;
				GCC_DYNAMIC_NO_PIC = NO;
				GCC_NO_COMMON_BLOCKS = YES;
				GCC_OPTIMIZATION_LEVEL = 0;
				GCC_PREPROCESSOR_DEFINITIONS = (
					"DEBUG=1",
					"$(inherited)",
				);
				GCC_WARN_64_TO_32_BIT_CONVERSION = YES;
				GCC_WARN_ABOUT_RETURN_TYPE = YES_ERROR;
				GCC_WARN_UNDECLARED_SELECTOR = YES;
				GCC_WARN_UNINITIALIZED_AUTOS = YES_AGGRESSIVE;
				GCC_WARN_UNUSED_FUNCTION = YES;
				GCC_WARN_UNUSED_VARIABLE = YES;
				IPHONEOS_DEPLOYMENT_TARGET = 16.4;
				MTL_ENABLE_DEBUG_INFO = INCLUDE_SOURCE;
				MTL_FAST_MATH = YES;
				ONLY_ACTIVE_ARCH = YES;
				SDKROOT = iphoneos;
				SWIFT_ACTIVE_COMPILATION_CONDITIONS = DEBUG;
				SWIFT_OPTIMIZATION_LEVEL = "-Onone";
			};
			name = Debug;
		};
		2EE487BA2AE02680000B4509 /* Release */ = {
			isa = XCBuildConfiguration;
			buildSettings = {
				ALWAYS_SEARCH_USER_PATHS = NO;
				CLANG_ANALYZER_NONNULL = YES;
				CLANG_ANALYZER_NUMBER_OBJECT_CONVERSION = YES_AGGRESSIVE;
				CLANG_CXX_LANGUAGE_STANDARD = "gnu++20";
				CLANG_ENABLE_MODULES = YES;
				CLANG_ENABLE_OBJC_ARC = YES;
				CLANG_ENABLE_OBJC_WEAK = YES;
				CLANG_WARN_BLOCK_CAPTURE_AUTORELEASING = YES;
				CLANG_WARN_BOOL_CONVERSION = YES;
				CLANG_WARN_COMMA = YES;
				CLANG_WARN_CONSTANT_CONVERSION = YES;
				CLANG_WARN_DEPRECATED_OBJC_IMPLEMENTATIONS = YES;
				CLANG_WARN_DIRECT_OBJC_ISA_USAGE = YES_ERROR;
				CLANG_WARN_DOCUMENTATION_COMMENTS = YES;
				CLANG_WARN_EMPTY_BODY = YES;
				CLANG_WARN_ENUM_CONVERSION = YES;
				CLANG_WARN_INFINITE_RECURSION = YES;
				CLANG_WARN_INT_CONVERSION = YES;
				CLANG_WARN_NON_LITERAL_NULL_CONVERSION = YES;
				CLANG_WARN_OBJC_IMPLICIT_RETAIN_SELF = YES;
				CLANG_WARN_OBJC_LITERAL_CONVERSION = YES;
				CLANG_WARN_OBJC_ROOT_CLASS = YES_ERROR;
				CLANG_WARN_QUOTED_INCLUDE_IN_FRAMEWORK_HEADER = YES;
				CLANG_WARN_RANGE_LOOP_ANALYSIS = YES;
				CLANG_WARN_STRICT_PROTOTYPES = YES;
				CLANG_WARN_SUSPICIOUS_MOVE = YES;
				CLANG_WARN_UNGUARDED_AVAILABILITY = YES_AGGRESSIVE;
				CLANG_WARN_UNREACHABLE_CODE = YES;
				CLANG_WARN__DUPLICATE_METHOD_MATCH = YES;
				COPY_PHASE_STRIP = NO;
				DEBUG_INFORMATION_FORMAT = "dwarf-with-dsym";
				ENABLE_NS_ASSERTIONS = NO;
				ENABLE_STRICT_OBJC_MSGSEND = YES;
				GCC_C_LANGUAGE_STANDARD = gnu11;
				GCC_NO_COMMON_BLOCKS = YES;
				GCC_WARN_64_TO_32_BIT_CONVERSION = YES;
				GCC_WARN_ABOUT_RETURN_TYPE = YES_ERROR;
				GCC_WARN_UNDECLARED_SELECTOR = YES;
				GCC_WARN_UNINITIALIZED_AUTOS = YES_AGGRESSIVE;
				GCC_WARN_UNUSED_FUNCTION = YES;
				GCC_WARN_UNUSED_VARIABLE = YES;
				IPHONEOS_DEPLOYMENT_TARGET = 16.4;
				MTL_ENABLE_DEBUG_INFO = NO;
				MTL_FAST_MATH = YES;
				SDKROOT = iphoneos;
				SWIFT_COMPILATION_MODE = wholemodule;
				SWIFT_OPTIMIZATION_LEVEL = "-O";
				VALIDATE_PRODUCT = YES;
			};
			name = Release;
		};
		2EE487BC2AE02680000B4509 /* Debug */ = {
			isa = XCBuildConfiguration;
			buildSettings = {
				ASSETCATALOG_COMPILER_APPICON_NAME = AppIcon;
				ASSETCATALOG_COMPILER_GLOBAL_ACCENT_COLOR_NAME = AccentColor;
				CODE_SIGN_STYLE = Automatic;
				CURRENT_PROJECT_VERSION = 1;
				DEVELOPMENT_TEAM = 5874B8LYL6;
				GENERATE_INFOPLIST_FILE = YES;
				INFOPLIST_FILE = CurrencyApp/Info.plist;
				INFOPLIST_KEY_CFBundleDisplayName = "Currency App";
				INFOPLIST_KEY_LSApplicationCategoryType = "public.app-category.developer-tools";
				INFOPLIST_KEY_UIApplicationSupportsIndirectInputEvents = YES;
				INFOPLIST_KEY_UILaunchStoryboardName = LaunchScreen;
				INFOPLIST_KEY_UIMainStoryboardFile = Main;
				INFOPLIST_KEY_UISupportedInterfaceOrientations = "UIInterfaceOrientationLandscapeLeft UIInterfaceOrientationLandscapeRight UIInterfaceOrientationPortrait";
				INFOPLIST_KEY_UISupportedInterfaceOrientations_iPad = "UIInterfaceOrientationLandscapeLeft UIInterfaceOrientationLandscapeRight UIInterfaceOrientationPortrait UIInterfaceOrientationPortraitUpsideDown";
				IPHONEOS_DEPLOYMENT_TARGET = 14.0;
				LD_RUNPATH_SEARCH_PATHS = (
					"$(inherited)",
					"@executable_path/Frameworks",
				);
				MARKETING_VERSION = 1.0;
				PRODUCT_BUNDLE_IDENTIFIER = com.atomosphere.App.CurrencyApp;
				PRODUCT_NAME = "$(TARGET_NAME)";
				SWIFT_EMIT_LOC_STRINGS = YES;
				SWIFT_VERSION = 5.0;
				TARGETED_DEVICE_FAMILY = "1,2";
			};
			name = Debug;
		};
		2EE487BD2AE02680000B4509 /* Release */ = {
			isa = XCBuildConfiguration;
			buildSettings = {
				ASSETCATALOG_COMPILER_APPICON_NAME = AppIcon;
				ASSETCATALOG_COMPILER_GLOBAL_ACCENT_COLOR_NAME = AccentColor;
				CODE_SIGN_STYLE = Automatic;
				CURRENT_PROJECT_VERSION = 1;
				DEVELOPMENT_TEAM = 5874B8LYL6;
				GENERATE_INFOPLIST_FILE = YES;
				INFOPLIST_FILE = CurrencyApp/Info.plist;
				INFOPLIST_KEY_CFBundleDisplayName = "Currency App";
				INFOPLIST_KEY_LSApplicationCategoryType = "public.app-category.developer-tools";
				INFOPLIST_KEY_UIApplicationSupportsIndirectInputEvents = YES;
				INFOPLIST_KEY_UILaunchStoryboardName = LaunchScreen;
				INFOPLIST_KEY_UIMainStoryboardFile = Main;
				INFOPLIST_KEY_UISupportedInterfaceOrientations = "UIInterfaceOrientationLandscapeLeft UIInterfaceOrientationLandscapeRight UIInterfaceOrientationPortrait";
				INFOPLIST_KEY_UISupportedInterfaceOrientations_iPad = "UIInterfaceOrientationLandscapeLeft UIInterfaceOrientationLandscapeRight UIInterfaceOrientationPortrait UIInterfaceOrientationPortraitUpsideDown";
				IPHONEOS_DEPLOYMENT_TARGET = 14.0;
				LD_RUNPATH_SEARCH_PATHS = (
					"$(inherited)",
					"@executable_path/Frameworks",
				);
				MARKETING_VERSION = 1.0;
				PRODUCT_BUNDLE_IDENTIFIER = com.atomosphere.App.CurrencyApp;
				PRODUCT_NAME = "$(TARGET_NAME)";
				SWIFT_EMIT_LOC_STRINGS = YES;
				SWIFT_VERSION = 5.0;
				TARGETED_DEVICE_FAMILY = "1,2";
			};
			name = Release;
		};
		2EE487BF2AE02680000B4509 /* Debug */ = {
			isa = XCBuildConfiguration;
			buildSettings = {
				ALWAYS_EMBED_SWIFT_STANDARD_LIBRARIES = YES;
				BUNDLE_LOADER = "$(TEST_HOST)";
				CODE_SIGN_STYLE = Automatic;
				CURRENT_PROJECT_VERSION = 1;
				DEVELOPMENT_TEAM = 5874B8LYL6;
				GENERATE_INFOPLIST_FILE = YES;
				IPHONEOS_DEPLOYMENT_TARGET = 16.4;
				MARKETING_VERSION = 1.0;
				PRODUCT_BUNDLE_IDENTIFIER = com.atomosphere.App.CurrencyAppTests;
				PRODUCT_NAME = "$(TARGET_NAME)";
				SWIFT_EMIT_LOC_STRINGS = NO;
				SWIFT_VERSION = 5.0;
				TARGETED_DEVICE_FAMILY = "1,2";
				TEST_HOST = "$(BUILT_PRODUCTS_DIR)/CurrencyApp.app/$(BUNDLE_EXECUTABLE_FOLDER_PATH)/CurrencyApp";
			};
			name = Debug;
		};
		2EE487C02AE02680000B4509 /* Release */ = {
			isa = XCBuildConfiguration;
			buildSettings = {
				ALWAYS_EMBED_SWIFT_STANDARD_LIBRARIES = YES;
				BUNDLE_LOADER = "$(TEST_HOST)";
				CODE_SIGN_STYLE = Automatic;
				CURRENT_PROJECT_VERSION = 1;
				DEVELOPMENT_TEAM = 5874B8LYL6;
				GENERATE_INFOPLIST_FILE = YES;
				IPHONEOS_DEPLOYMENT_TARGET = 16.4;
				MARKETING_VERSION = 1.0;
				PRODUCT_BUNDLE_IDENTIFIER = com.atomosphere.App.CurrencyAppTests;
				PRODUCT_NAME = "$(TARGET_NAME)";
				SWIFT_EMIT_LOC_STRINGS = NO;
				SWIFT_VERSION = 5.0;
				TARGETED_DEVICE_FAMILY = "1,2";
				TEST_HOST = "$(BUILT_PRODUCTS_DIR)/CurrencyApp.app/$(BUNDLE_EXECUTABLE_FOLDER_PATH)/CurrencyApp";
			};
			name = Release;
		};
		2EE487C22AE02680000B4509 /* Debug */ = {
			isa = XCBuildConfiguration;
			buildSettings = {
				ALWAYS_EMBED_SWIFT_STANDARD_LIBRARIES = YES;
				CODE_SIGN_STYLE = Automatic;
				CURRENT_PROJECT_VERSION = 1;
				DEVELOPMENT_TEAM = 5874B8LYL6;
				GENERATE_INFOPLIST_FILE = YES;
				MARKETING_VERSION = 1.0;
				PRODUCT_BUNDLE_IDENTIFIER = com.atomosphere.App.CurrencyAppUITests;
				PRODUCT_NAME = "$(TARGET_NAME)";
				SWIFT_EMIT_LOC_STRINGS = NO;
				SWIFT_VERSION = 5.0;
				TARGETED_DEVICE_FAMILY = "1,2";
				TEST_TARGET_NAME = CurrencyApp;
			};
			name = Debug;
		};
		2EE487C32AE02680000B4509 /* Release */ = {
			isa = XCBuildConfiguration;
			buildSettings = {
				ALWAYS_EMBED_SWIFT_STANDARD_LIBRARIES = YES;
				CODE_SIGN_STYLE = Automatic;
				CURRENT_PROJECT_VERSION = 1;
				DEVELOPMENT_TEAM = 5874B8LYL6;
				GENERATE_INFOPLIST_FILE = YES;
				MARKETING_VERSION = 1.0;
				PRODUCT_BUNDLE_IDENTIFIER = com.atomosphere.App.CurrencyAppUITests;
				PRODUCT_NAME = "$(TARGET_NAME)";
				SWIFT_EMIT_LOC_STRINGS = NO;
				SWIFT_VERSION = 5.0;
				TARGETED_DEVICE_FAMILY = "1,2";
				TEST_TARGET_NAME = CurrencyApp;
			};
			name = Release;
		};
/* End XCBuildConfiguration section */

/* Begin XCConfigurationList section */
		2EE4878C2AE0267F000B4509 /* Build configuration list for PBXProject "CurrencyApp" */ = {
			isa = XCConfigurationList;
			buildConfigurations = (
				2EE487B92AE02680000B4509 /* Debug */,
				2EE487BA2AE02680000B4509 /* Release */,
			);
			defaultConfigurationIsVisible = 0;
			defaultConfigurationName = Release;
		};
		2EE487BB2AE02680000B4509 /* Build configuration list for PBXNativeTarget "CurrencyApp" */ = {
			isa = XCConfigurationList;
			buildConfigurations = (
				2EE487BC2AE02680000B4509 /* Debug */,
				2EE487BD2AE02680000B4509 /* Release */,
			);
			defaultConfigurationIsVisible = 0;
			defaultConfigurationName = Release;
		};
		2EE487BE2AE02680000B4509 /* Build configuration list for PBXNativeTarget "CurrencyAppTests" */ = {
			isa = XCConfigurationList;
			buildConfigurations = (
				2EE487BF2AE02680000B4509 /* Debug */,
				2EE487C02AE02680000B4509 /* Release */,
			);
			defaultConfigurationIsVisible = 0;
			defaultConfigurationName = Release;
		};
		2EE487C12AE02680000B4509 /* Build configuration list for PBXNativeTarget "CurrencyAppUITests" */ = {
			isa = XCConfigurationList;
			buildConfigurations = (
				2EE487C22AE02680000B4509 /* Debug */,
				2EE487C32AE02680000B4509 /* Release */,
			);
			defaultConfigurationIsVisible = 0;
			defaultConfigurationName = Release;
		};
/* End XCConfigurationList section */
	};
	rootObject = 2EE487892AE0267F000B4509 /* Project object */;
}
